
Microsoft Visual Studio Solution File, Format Version 12.00
# Visual Studio Version 17
VisualStudioVersion = 17.3.32929.385
MinimumVisualStudioVersion = 10.0.40219.1
Project("{2150E333-8FDC-42A3-9474-1A3956D46DE8}") = "_", "_", "{8049C9B6-BE0A-4EC3-A728-62CDE82FE2A6}"
	ProjectSection(SolutionItems) = preProject
		ReadMe.txt = ReadMe.txt
	EndProjectSection
EndProject
Project("{2150E333-8FDC-42A3-9474-1A3956D46DE8}") = "00", "00", "{1F3686E3-94F1-4372-845A-B0A28C198F44}"
EndProject
Project("{2150E333-8FDC-42A3-9474-1A3956D46DE8}") = "01", "01", "{9A772DAC-8A42-4B5B-A293-CBFAE2005B9F}"
EndProject
Project("{2150E333-8FDC-42A3-9474-1A3956D46DE8}") = "03", "03", "{6F02BA99-8241-41B4-8989-2CB535354CA5}"
EndProject
Project("{2150E333-8FDC-42A3-9474-1A3956D46DE8}") = "04", "04", "{3D53B4BF-6610-4FD4-A0F1-FDB22C8267B8}"
EndProject
Project("{2150E333-8FDC-42A3-9474-1A3956D46DE8}") = "05", "05", "{E7A62F4E-77BB-499A-ADB2-BB779ABE6469}"
EndProject
Project("{2150E333-8FDC-42A3-9474-1A3956D46DE8}") = "06", "06", "{AF75D08A-6426-473E-A0DF-6FA7C6C21A49}"
EndProject
Project("{2150E333-8FDC-42A3-9474-1A3956D46DE8}") = "07", "07", "{0014D91C-347B-4233-B4BB-27BBF549793F}"
EndProject
Project("{2150E333-8FDC-42A3-9474-1A3956D46DE8}") = "08", "08", "{C3D31214-1E51-42AD-B172-AC11FC5CBD7B}"
EndProject
Project("{2150E333-8FDC-42A3-9474-1A3956D46DE8}") = "09", "09", "{517D286C-5FC4-425F-AB10-9736ADB3622B}"
EndProject
Project("{2150E333-8FDC-42A3-9474-1A3956D46DE8}") = "10", "10", "{B8A29E24-7207-49BB-AA01-3E98E265D249}"
EndProject
Project("{2150E333-8FDC-42A3-9474-1A3956D46DE8}") = "11", "11", "{3C7EA05B-AA7F-462B-AD6C-E6B6CE54C77D}"
EndProject
Project("{2150E333-8FDC-42A3-9474-1A3956D46DE8}") = "12", "12", "{42639DAA-DC06-4394-B4CF-62DD018BB8F6}"
EndProject
Project("{2150E333-8FDC-42A3-9474-1A3956D46DE8}") = "13", "13", "{6E2810DD-63D2-47D2-97DC-46276748A8D4}"
EndProject
Project("{2150E333-8FDC-42A3-9474-1A3956D46DE8}") = "02", "02", "{96387141-6FE5-4885-BA40-984CFD2E45BE}"
EndProject
Project("{9A19103F-16F7-4668-BE54-9A1E7A4F7556}") = "DosegImena", "DosegImena\DosegImena.csproj", "{64EB4FBC-8E25-4291-AF1D-0B04BDAB741B}"
EndProject
Project("{9A19103F-16F7-4668-BE54-9A1E7A4F7556}") = "GrananjeIf", "GrananjeIf\GrananjeIf.csproj", "{EAD36D1C-84B2-48F7-93FB-F3582FBD05E6}"
EndProject
Project("{9A19103F-16F7-4668-BE54-9A1E7A4F7556}") = "UsporedbeDecimalnihBrojeva", "UsporedbeDecimalnihBrojeva\UsporedbeDecimalnihBrojeva.csproj", "{B00308FE-4DE9-4BF6-8C07-8EB66ADBB666}"
EndProject
Project("{9A19103F-16F7-4668-BE54-9A1E7A4F7556}") = "UvjetnoPridruživanje", "UvjetnoPridruzivanje\UvjetnoPridruživanje.csproj", "{70A0AEC6-9F2F-4FA2-AFAD-1A3BDE50BE9E}"
EndProject
Project("{9A19103F-16F7-4668-BE54-9A1E7A4F7556}") = "NulStapajućiOperator", "NulStapajuciOperator\NulStapajućiOperator.csproj", "{5F9CF423-1B8E-465C-B8F3-147D10F97268}"
EndProject
Project("{9A19103F-16F7-4668-BE54-9A1E7A4F7556}") = "NulUvjetniOperator", "NulUvjetniOperator\NulUvjetniOperator.csproj", "{AEDD044F-A752-46C3-AFF3-A99C4B458681}"
EndProject
Project("{9A19103F-16F7-4668-BE54-9A1E7A4F7556}") = "GrananjeSwitch", "GrananjeSwitch\GrananjeSwitch.csproj", "{3BA50C76-F474-4709-98BD-42F2D1882B93}"
EndProject
Project("{9A19103F-16F7-4668-BE54-9A1E7A4F7556}") = "ForVsWhile", "ForVsWhile\ForVsWhile.csproj", "{CD6FD7EB-AF4A-4D9F-AE7F-723AAC50D6AC}"
EndProject
Project("{9A19103F-16F7-4668-BE54-9A1E7A4F7556}") = "PetljeWhileDoWhile", "PetljeWhileDoWhile\PetljeWhileDoWhile.csproj", "{4D50A0F7-E9F0-42E6-B67D-9E6BA01F8DE9}"
EndProject
Project("{9A19103F-16F7-4668-BE54-9A1E7A4F7556}") = "NaredbeBreakContinue", "NaredbeBreakContinue\NaredbeBreakContinue.csproj", "{69109B75-0D91-43DD-A7C5-7B4B52848BEC}"
EndProject
Project("{9A19103F-16F7-4668-BE54-9A1E7A4F7556}") = "Foreach", "Foreach\Foreach.csproj", "{D195BA31-C96D-4F38-849F-9C5767FA1008}"
EndProject
Project("{9A19103F-16F7-4668-BE54-9A1E7A4F7556}") = "MetodeProširenja", "MetodeProsirenja\MetodeProširenja.csproj", "{B889A713-7CEC-4A5F-BC91-77F16EA455D4}"
EndProject
Project("{9A19103F-16F7-4668-BE54-9A1E7A4F7556}") = "Yield", "Yield\Yield.csproj", "{0DB1AE82-BCCA-4704-9F59-B8993FEF69D8}"
EndProject
Project("{9A19103F-16F7-4668-BE54-9A1E7A4F7556}") = "NeograničeniNizYield", "NeograniceniNizYield\NeograničeniNizYield.csproj", "{D587B1EE-DE11-4131-A31E-0D1D8F2CA17B}"
EndProject
Project("{9A19103F-16F7-4668-BE54-9A1E7A4F7556}") = "Testovi", "Testovi\Testovi.csproj", "{0F9889A7-4C63-4D94-8B58-1C3CAF731AAA}"
EndProject
Project("{FAE04EC0-301F-11D3-BF4B-00C04F79EFBC}") = "NoviSwitch", "NoviSwitch\NoviSwitch.csproj", "{A5181A68-DE25-4FCE-94F5-94C37CBE1B8B}"
EndProject
Global
	GlobalSection(SolutionConfigurationPlatforms) = preSolution
		Debug|Any CPU = Debug|Any CPU
		Release|Any CPU = Release|Any CPU
	EndGlobalSection
	GlobalSection(ProjectConfigurationPlatforms) = postSolution
		{64EB4FBC-8E25-4291-AF1D-0B04BDAB741B}.Debug|Any CPU.ActiveCfg = Debug|Any CPU
		{64EB4FBC-8E25-4291-AF1D-0B04BDAB741B}.Debug|Any CPU.Build.0 = Debug|Any CPU
		{64EB4FBC-8E25-4291-AF1D-0B04BDAB741B}.Release|Any CPU.ActiveCfg = Release|Any CPU
		{64EB4FBC-8E25-4291-AF1D-0B04BDAB741B}.Release|Any CPU.Build.0 = Release|Any CPU
		{EAD36D1C-84B2-48F7-93FB-F3582FBD05E6}.Debug|Any CPU.ActiveCfg = Debug|Any CPU
		{EAD36D1C-84B2-48F7-93FB-F3582FBD05E6}.Debug|Any CPU.Build.0 = Debug|Any CPU
		{EAD36D1C-84B2-48F7-93FB-F3582FBD05E6}.Release|Any CPU.ActiveCfg = Release|Any CPU
		{EAD36D1C-84B2-48F7-93FB-F3582FBD05E6}.Release|Any CPU.Build.0 = Release|Any CPU
		{B00308FE-4DE9-4BF6-8C07-8EB66ADBB666}.Debug|Any CPU.ActiveCfg = Debug|Any CPU
		{B00308FE-4DE9-4BF6-8C07-8EB66ADBB666}.Debug|Any CPU.Build.0 = Debug|Any CPU
		{B00308FE-4DE9-4BF6-8C07-8EB66ADBB666}.Release|Any CPU.ActiveCfg = Release|Any CPU
		{B00308FE-4DE9-4BF6-8C07-8EB66ADBB666}.Release|Any CPU.Build.0 = Release|Any CPU
		{70A0AEC6-9F2F-4FA2-AFAD-1A3BDE50BE9E}.Debug|Any CPU.ActiveCfg = Debug|Any CPU
		{70A0AEC6-9F2F-4FA2-AFAD-1A3BDE50BE9E}.Debug|Any CPU.Build.0 = Debug|Any CPU
		{70A0AEC6-9F2F-4FA2-AFAD-1A3BDE50BE9E}.Release|Any CPU.ActiveCfg = Release|Any CPU
		{70A0AEC6-9F2F-4FA2-AFAD-1A3BDE50BE9E}.Release|Any CPU.Build.0 = Release|Any CPU
		{5F9CF423-1B8E-465C-B8F3-147D10F97268}.Debug|Any CPU.ActiveCfg = Debug|Any CPU
		{5F9CF423-1B8E-465C-B8F3-147D10F97268}.Debug|Any CPU.Build.0 = Debug|Any CPU
		{5F9CF423-1B8E-465C-B8F3-147D10F97268}.Release|Any CPU.ActiveCfg = Release|Any CPU
		{5F9CF423-1B8E-465C-B8F3-147D10F97268}.Release|Any CPU.Build.0 = Release|Any CPU
		{AEDD044F-A752-46C3-AFF3-A99C4B458681}.Debug|Any CPU.ActiveCfg = Debug|Any CPU
		{AEDD044F-A752-46C3-AFF3-A99C4B458681}.Debug|Any CPU.Build.0 = Debug|Any CPU
		{AEDD044F-A752-46C3-AFF3-A99C4B458681}.Release|Any CPU.ActiveCfg = Release|Any CPU
		{AEDD044F-A752-46C3-AFF3-A99C4B458681}.Release|Any CPU.Build.0 = Release|Any CPU
		{3BA50C76-F474-4709-98BD-42F2D1882B93}.Debug|Any CPU.ActiveCfg = Debug|Any CPU
		{3BA50C76-F474-4709-98BD-42F2D1882B93}.Debug|Any CPU.Build.0 = Debug|Any CPU
		{3BA50C76-F474-4709-98BD-42F2D1882B93}.Release|Any CPU.ActiveCfg = Release|Any CPU
		{3BA50C76-F474-4709-98BD-42F2D1882B93}.Release|Any CPU.Build.0 = Release|Any CPU
		{CD6FD7EB-AF4A-4D9F-AE7F-723AAC50D6AC}.Debug|Any CPU.ActiveCfg = Debug|Any CPU
		{CD6FD7EB-AF4A-4D9F-AE7F-723AAC50D6AC}.Debug|Any CPU.Build.0 = Debug|Any CPU
		{CD6FD7EB-AF4A-4D9F-AE7F-723AAC50D6AC}.Release|Any CPU.ActiveCfg = Release|Any CPU
		{CD6FD7EB-AF4A-4D9F-AE7F-723AAC50D6AC}.Release|Any CPU.Build.0 = Release|Any CPU
		{4D50A0F7-E9F0-42E6-B67D-9E6BA01F8DE9}.Debug|Any CPU.ActiveCfg = Debug|Any CPU
		{4D50A0F7-E9F0-42E6-B67D-9E6BA01F8DE9}.Debug|Any CPU.Build.0 = Debug|Any CPU
		{4D50A0F7-E9F0-42E6-B67D-9E6BA01F8DE9}.Release|Any CPU.ActiveCfg = Release|Any CPU
		{4D50A0F7-E9F0-42E6-B67D-9E6BA01F8DE9}.Release|Any CPU.Build.0 = Release|Any CPU
		{69109B75-0D91-43DD-A7C5-7B4B52848BEC}.Debug|Any CPU.ActiveCfg = Debug|Any CPU
		{69109B75-0D91-43DD-A7C5-7B4B52848BEC}.Debug|Any CPU.Build.0 = Debug|Any CPU
		{69109B75-0D91-43DD-A7C5-7B4B52848BEC}.Release|Any CPU.ActiveCfg = Release|Any CPU
		{69109B75-0D91-43DD-A7C5-7B4B52848BEC}.Release|Any CPU.Build.0 = Release|Any CPU
		{D195BA31-C96D-4F38-849F-9C5767FA1008}.Debug|Any CPU.ActiveCfg = Debug|Any CPU
		{D195BA31-C96D-4F38-849F-9C5767FA1008}.Debug|Any CPU.Build.0 = Debug|Any CPU
		{D195BA31-C96D-4F38-849F-9C5767FA1008}.Release|Any CPU.ActiveCfg = Release|Any CPU
		{D195BA31-C96D-4F38-849F-9C5767FA1008}.Release|Any CPU.Build.0 = Release|Any CPU
		{B889A713-7CEC-4A5F-BC91-77F16EA455D4}.Debug|Any CPU.ActiveCfg = Debug|Any CPU
		{B889A713-7CEC-4A5F-BC91-77F16EA455D4}.Debug|Any CPU.Build.0 = Debug|Any CPU
		{B889A713-7CEC-4A5F-BC91-77F16EA455D4}.Release|Any CPU.ActiveCfg = Release|Any CPU
		{B889A713-7CEC-4A5F-BC91-77F16EA455D4}.Release|Any CPU.Build.0 = Release|Any CPU
		{0DB1AE82-BCCA-4704-9F59-B8993FEF69D8}.Debug|Any CPU.ActiveCfg = Debug|Any CPU
		{0DB1AE82-BCCA-4704-9F59-B8993FEF69D8}.Debug|Any CPU.Build.0 = Debug|Any CPU
		{0DB1AE82-BCCA-4704-9F59-B8993FEF69D8}.Release|Any CPU.ActiveCfg = Release|Any CPU
		{0DB1AE82-BCCA-4704-9F59-B8993FEF69D8}.Release|Any CPU.Build.0 = Release|Any CPU
		{D587B1EE-DE11-4131-A31E-0D1D8F2CA17B}.Debug|Any CPU.ActiveCfg = Debug|Any CPU
		{D587B1EE-DE11-4131-A31E-0D1D8F2CA17B}.Debug|Any CPU.Build.0 = Debug|Any CPU
		{D587B1EE-DE11-4131-A31E-0D1D8F2CA17B}.Release|Any CPU.ActiveCfg = Release|Any CPU
		{D587B1EE-DE11-4131-A31E-0D1D8F2CA17B}.Release|Any CPU.Build.0 = Release|Any CPU
		{0F9889A7-4C63-4D94-8B58-1C3CAF731AAA}.Debug|Any CPU.ActiveCfg = Debug|Any CPU
		{0F9889A7-4C63-4D94-8B58-1C3CAF731AAA}.Debug|Any CPU.Build.0 = Debug|Any CPU
		{0F9889A7-4C63-4D94-8B58-1C3CAF731AAA}.Release|Any CPU.ActiveCfg = Release|Any CPU
		{0F9889A7-4C63-4D94-8B58-1C3CAF731AAA}.Release|Any CPU.Build.0 = Release|Any CPU
		{A5181A68-DE25-4FCE-94F5-94C37CBE1B8B}.Debug|Any CPU.ActiveCfg = Debug|Any CPU
		{A5181A68-DE25-4FCE-94F5-94C37CBE1B8B}.Debug|Any CPU.Build.0 = Debug|Any CPU
		{A5181A68-DE25-4FCE-94F5-94C37CBE1B8B}.Release|Any CPU.ActiveCfg = Release|Any CPU
		{A5181A68-DE25-4FCE-94F5-94C37CBE1B8B}.Release|Any CPU.Build.0 = Release|Any CPU
	EndGlobalSection
	GlobalSection(SolutionProperties) = preSolution
		HideSolutionNode = FALSE
	EndGlobalSection
	GlobalSection(NestedProjects) = preSolution
		{64EB4FBC-8E25-4291-AF1D-0B04BDAB741B} = {1F3686E3-94F1-4372-845A-B0A28C198F44}
		{EAD36D1C-84B2-48F7-93FB-F3582FBD05E6} = {9A772DAC-8A42-4B5B-A293-CBFAE2005B9F}
		{B00308FE-4DE9-4BF6-8C07-8EB66ADBB666} = {96387141-6FE5-4885-BA40-984CFD2E45BE}
		{70A0AEC6-9F2F-4FA2-AFAD-1A3BDE50BE9E} = {6F02BA99-8241-41B4-8989-2CB535354CA5}
		{5F9CF423-1B8E-465C-B8F3-147D10F97268} = {3D53B4BF-6610-4FD4-A0F1-FDB22C8267B8}
		{AEDD044F-A752-46C3-AFF3-A99C4B458681} = {E7A62F4E-77BB-499A-ADB2-BB779ABE6469}
		{3BA50C76-F474-4709-98BD-42F2D1882B93} = {AF75D08A-6426-473E-A0DF-6FA7C6C21A49}
		{CD6FD7EB-AF4A-4D9F-AE7F-723AAC50D6AC} = {0014D91C-347B-4233-B4BB-27BBF549793F}
		{4D50A0F7-E9F0-42E6-B67D-9E6BA01F8DE9} = {C3D31214-1E51-42AD-B172-AC11FC5CBD7B}
		{69109B75-0D91-43DD-A7C5-7B4B52848BEC} = {517D286C-5FC4-425F-AB10-9736ADB3622B}
		{D195BA31-C96D-4F38-849F-9C5767FA1008} = {B8A29E24-7207-49BB-AA01-3E98E265D249}
		{B889A713-7CEC-4A5F-BC91-77F16EA455D4} = {3C7EA05B-AA7F-462B-AD6C-E6B6CE54C77D}
		{0DB1AE82-BCCA-4704-9F59-B8993FEF69D8} = {42639DAA-DC06-4394-B4CF-62DD018BB8F6}
		{D587B1EE-DE11-4131-A31E-0D1D8F2CA17B} = {6E2810DD-63D2-47D2-97DC-46276748A8D4}
		{A5181A68-DE25-4FCE-94F5-94C37CBE1B8B} = {AF75D08A-6426-473E-A0DF-6FA7C6C21A49}
	EndGlobalSection
	GlobalSection(ExtensibilityGlobals) = postSolution
		SolutionGuid = {65ABF471-3C29-406C-8445-F00F671C9C4E}
	EndGlobalSection
EndGlobal
