
Microsoft Visual Studio Solution File, Format Version 12.00
# Visual Studio Version 16
VisualStudioVersion = 16.0.29418.71
MinimumVisualStudioVersion = 10.0.40219.1
Project("{2150E333-8FDC-42A3-9474-1A3956D46DE8}") = "_", "_", "{8049C9B6-BE0A-4EC3-A728-62CDE82FE2A6}"
	ProjectSection(SolutionItems) = preProject
		ReadMe.txt = ReadMe.txt
	EndProjectSection
EndProject
Project("{2150E333-8FDC-42A3-9474-1A3956D46DE8}") = "01", "01", "{1F3686E3-94F1-4372-845A-B0A28C198F44}"
EndProject
Project("{2150E333-8FDC-42A3-9474-1A3956D46DE8}") = "02", "02", "{9A772DAC-8A42-4B5B-A293-CBFAE2005B9F}"
EndProject
Project("{2150E333-8FDC-42A3-9474-1A3956D46DE8}") = "03", "03", "{ADE0F441-21FB-4C44-A9DB-FC2FB4713790}"
EndProject
Project("{2150E333-8FDC-42A3-9474-1A3956D46DE8}") = "04", "04", "{6F02BA99-8241-41B4-8989-2CB535354CA5}"
EndProject
Project("{2150E333-8FDC-42A3-9474-1A3956D46DE8}") = "05", "05", "{3D53B4BF-6610-4FD4-A0F1-FDB22C8267B8}"
EndProject
Project("{2150E333-8FDC-42A3-9474-1A3956D46DE8}") = "06", "06", "{E7A62F4E-77BB-499A-ADB2-BB779ABE6469}"
EndProject
Project("{2150E333-8FDC-42A3-9474-1A3956D46DE8}") = "07", "07", "{AF75D08A-6426-473E-A0DF-6FA7C6C21A49}"
EndProject
Project("{2150E333-8FDC-42A3-9474-1A3956D46DE8}") = "08", "08", "{0014D91C-347B-4233-B4BB-27BBF549793F}"
EndProject
Project("{2150E333-8FDC-42A3-9474-1A3956D46DE8}") = "09", "09", "{C3D31214-1E51-42AD-B172-AC11FC5CBD7B}"
EndProject
Project("{2150E333-8FDC-42A3-9474-1A3956D46DE8}") = "10", "10", "{517D286C-5FC4-425F-AB10-9736ADB3622B}"
EndProject
Project("{2150E333-8FDC-42A3-9474-1A3956D46DE8}") = "11", "11", "{B8A29E24-7207-49BB-AA01-3E98E265D249}"
EndProject
Project("{2150E333-8FDC-42A3-9474-1A3956D46DE8}") = "12", "12", "{3C7EA05B-AA7F-462B-AD6C-E6B6CE54C77D}"
EndProject
Project("{2150E333-8FDC-42A3-9474-1A3956D46DE8}") = "13", "13", "{42639DAA-DC06-4394-B4CF-62DD018BB8F6}"
EndProject
Project("{2150E333-8FDC-42A3-9474-1A3956D46DE8}") = "14", "14", "{6E2810DD-63D2-47D2-97DC-46276748A8D4}"
EndProject
Project("{FAE04EC0-301F-11D3-BF4B-00C04F79EFBC}") = "Testovi", "Testovi\Testovi.csproj", "{28B9CE8B-545B-4C08-8BB5-5987E15D3A3F}"
EndProject
Project("{FAE04EC0-301F-11D3-BF4B-00C04F79EFBC}") = "GrananjeIf", "GrananjeIf\GrananjeIf.csproj", "{F4B25724-0326-4129-B725-7F592E56837F}"
EndProject
Project("{FAE04EC0-301F-11D3-BF4B-00C04F79EFBC}") = "UsporedbeRealnihBrojeva", "UsporedbeRealnihBrojeva\UsporedbeRealnihBrojeva.csproj", "{B97E1E4F-18C9-462E-A465-222FC8C350CA}"
EndProject
Project("{FAE04EC0-301F-11D3-BF4B-00C04F79EFBC}") = "GrananjeSwitch", "GrananjeSwitch\GrananjeSwitch.csproj", "{A24E70A8-2308-4D4D-8B1D-C5186A6A2C4E}"
EndProject
Project("{FAE04EC0-301F-11D3-BF4B-00C04F79EFBC}") = "ForVsWhile", "ForVsWhile\ForVsWhile.csproj", "{121D7286-4353-4D6B-AC6D-0AE3C41420E6}"
EndProject
Project("{FAE04EC0-301F-11D3-BF4B-00C04F79EFBC}") = "PetljeWhileDoWhile", "PetljeWhileDoWhile\PetljeWhileDoWhile.csproj", "{3585FC6A-775F-485A-8FE9-9802859A84C8}"
EndProject
Project("{FAE04EC0-301F-11D3-BF4B-00C04F79EFBC}") = "NaredbeBreakContinue", "NaredbeBreakContinue\NaredbeBreakContinue.csproj", "{A96CD2FC-BFA5-44A4-A60B-B4AEA166C2D6}"
EndProject
Project("{FAE04EC0-301F-11D3-BF4B-00C04F79EFBC}") = "Foreach", "Foreach\Foreach.csproj", "{7901C66E-E5EC-4355-B1AD-B0B7C3E7722A}"
EndProject
Project("{FAE04EC0-301F-11D3-BF4B-00C04F79EFBC}") = "Yield", "Yield\Yield.csproj", "{B1348F70-8F4A-4E9D-8CD4-3C1E80A0C8F4}"
EndProject
Project("{FAE04EC0-301F-11D3-BF4B-00C04F79EFBC}") = "NulUvjetniOperator", "NulUvjetniOperator\NulUvjetniOperator.csproj", "{6E870B12-8040-40B2-BC3E-079FF3DDB6E7}"
EndProject
Project("{FAE04EC0-301F-11D3-BF4B-00C04F79EFBC}") = "DosegImena", "DosegImena\DosegImena.csproj", "{9F5C65AC-DB66-4110-B517-33ABC9787017}"
EndProject
Project("{FAE04EC0-301F-11D3-BF4B-00C04F79EFBC}") = "UvjetnoPridruživanje", "UvjetnoPridruzivanje\UvjetnoPridruživanje.csproj", "{EB8EF899-D1AB-497C-8927-6F8262CBA1B8}"
EndProject
Project("{FAE04EC0-301F-11D3-BF4B-00C04F79EFBC}") = "NulStapajućiOperator", "NulStapajuciOperator\NulStapajućiOperator.csproj", "{ECCFCBF6-E39A-4FB9-B7F5-17B08E8E5A40}"
EndProject
Project("{FAE04EC0-301F-11D3-BF4B-00C04F79EFBC}") = "MetodeProširenja", "MetodeProsirenja\MetodeProširenja.csproj", "{48D1274D-4333-4072-AC3F-845EE6DBC229}"
EndProject
Project("{FAE04EC0-301F-11D3-BF4B-00C04F79EFBC}") = "NeograničeniNizYield", "NeograniceniNizYield\NeograničeniNizYield.csproj", "{AF5A2AA5-2253-442C-AF58-9FB2F1A8D8EC}"
EndProject
Global
	GlobalSection(SolutionConfigurationPlatforms) = preSolution
		Debug|Any CPU = Debug|Any CPU
		Release|Any CPU = Release|Any CPU
	EndGlobalSection
	GlobalSection(ProjectConfigurationPlatforms) = postSolution
		{28B9CE8B-545B-4C08-8BB5-5987E15D3A3F}.Debug|Any CPU.ActiveCfg = Debug|Any CPU
		{28B9CE8B-545B-4C08-8BB5-5987E15D3A3F}.Debug|Any CPU.Build.0 = Debug|Any CPU
		{28B9CE8B-545B-4C08-8BB5-5987E15D3A3F}.Release|Any CPU.ActiveCfg = Release|Any CPU
		{28B9CE8B-545B-4C08-8BB5-5987E15D3A3F}.Release|Any CPU.Build.0 = Release|Any CPU
		{F4B25724-0326-4129-B725-7F592E56837F}.Debug|Any CPU.ActiveCfg = Debug|Any CPU
		{F4B25724-0326-4129-B725-7F592E56837F}.Debug|Any CPU.Build.0 = Debug|Any CPU
		{F4B25724-0326-4129-B725-7F592E56837F}.Release|Any CPU.ActiveCfg = Release|Any CPU
		{F4B25724-0326-4129-B725-7F592E56837F}.Release|Any CPU.Build.0 = Release|Any CPU
		{B97E1E4F-18C9-462E-A465-222FC8C350CA}.Debug|Any CPU.ActiveCfg = Debug|Any CPU
		{B97E1E4F-18C9-462E-A465-222FC8C350CA}.Debug|Any CPU.Build.0 = Debug|Any CPU
		{B97E1E4F-18C9-462E-A465-222FC8C350CA}.Release|Any CPU.ActiveCfg = Release|Any CPU
		{B97E1E4F-18C9-462E-A465-222FC8C350CA}.Release|Any CPU.Build.0 = Release|Any CPU
		{A24E70A8-2308-4D4D-8B1D-C5186A6A2C4E}.Debug|Any CPU.ActiveCfg = Debug|Any CPU
		{A24E70A8-2308-4D4D-8B1D-C5186A6A2C4E}.Debug|Any CPU.Build.0 = Debug|Any CPU
		{A24E70A8-2308-4D4D-8B1D-C5186A6A2C4E}.Release|Any CPU.ActiveCfg = Release|Any CPU
		{A24E70A8-2308-4D4D-8B1D-C5186A6A2C4E}.Release|Any CPU.Build.0 = Release|Any CPU
		{121D7286-4353-4D6B-AC6D-0AE3C41420E6}.Debug|Any CPU.ActiveCfg = Debug|Any CPU
		{121D7286-4353-4D6B-AC6D-0AE3C41420E6}.Debug|Any CPU.Build.0 = Debug|Any CPU
		{121D7286-4353-4D6B-AC6D-0AE3C41420E6}.Release|Any CPU.ActiveCfg = Release|Any CPU
		{121D7286-4353-4D6B-AC6D-0AE3C41420E6}.Release|Any CPU.Build.0 = Release|Any CPU
		{3585FC6A-775F-485A-8FE9-9802859A84C8}.Debug|Any CPU.ActiveCfg = Debug|Any CPU
		{3585FC6A-775F-485A-8FE9-9802859A84C8}.Debug|Any CPU.Build.0 = Debug|Any CPU
		{3585FC6A-775F-485A-8FE9-9802859A84C8}.Release|Any CPU.ActiveCfg = Release|Any CPU
		{3585FC6A-775F-485A-8FE9-9802859A84C8}.Release|Any CPU.Build.0 = Release|Any CPU
		{A96CD2FC-BFA5-44A4-A60B-B4AEA166C2D6}.Debug|Any CPU.ActiveCfg = Debug|Any CPU
		{A96CD2FC-BFA5-44A4-A60B-B4AEA166C2D6}.Debug|Any CPU.Build.0 = Debug|Any CPU
		{A96CD2FC-BFA5-44A4-A60B-B4AEA166C2D6}.Release|Any CPU.ActiveCfg = Release|Any CPU
		{A96CD2FC-BFA5-44A4-A60B-B4AEA166C2D6}.Release|Any CPU.Build.0 = Release|Any CPU
		{7901C66E-E5EC-4355-B1AD-B0B7C3E7722A}.Debug|Any CPU.ActiveCfg = Debug|Any CPU
		{7901C66E-E5EC-4355-B1AD-B0B7C3E7722A}.Debug|Any CPU.Build.0 = Debug|Any CPU
		{7901C66E-E5EC-4355-B1AD-B0B7C3E7722A}.Release|Any CPU.ActiveCfg = Release|Any CPU
		{7901C66E-E5EC-4355-B1AD-B0B7C3E7722A}.Release|Any CPU.Build.0 = Release|Any CPU
		{B1348F70-8F4A-4E9D-8CD4-3C1E80A0C8F4}.Debug|Any CPU.ActiveCfg = Debug|Any CPU
		{B1348F70-8F4A-4E9D-8CD4-3C1E80A0C8F4}.Debug|Any CPU.Build.0 = Debug|Any CPU
		{B1348F70-8F4A-4E9D-8CD4-3C1E80A0C8F4}.Release|Any CPU.ActiveCfg = Release|Any CPU
		{B1348F70-8F4A-4E9D-8CD4-3C1E80A0C8F4}.Release|Any CPU.Build.0 = Release|Any CPU
		{6E870B12-8040-40B2-BC3E-079FF3DDB6E7}.Debug|Any CPU.ActiveCfg = Debug|Any CPU
		{6E870B12-8040-40B2-BC3E-079FF3DDB6E7}.Debug|Any CPU.Build.0 = Debug|Any CPU
		{6E870B12-8040-40B2-BC3E-079FF3DDB6E7}.Release|Any CPU.ActiveCfg = Release|Any CPU
		{6E870B12-8040-40B2-BC3E-079FF3DDB6E7}.Release|Any CPU.Build.0 = Release|Any CPU
		{9F5C65AC-DB66-4110-B517-33ABC9787017}.Debug|Any CPU.ActiveCfg = Debug|Any CPU
		{9F5C65AC-DB66-4110-B517-33ABC9787017}.Debug|Any CPU.Build.0 = Debug|Any CPU
		{9F5C65AC-DB66-4110-B517-33ABC9787017}.Release|Any CPU.ActiveCfg = Release|Any CPU
		{9F5C65AC-DB66-4110-B517-33ABC9787017}.Release|Any CPU.Build.0 = Release|Any CPU
		{EB8EF899-D1AB-497C-8927-6F8262CBA1B8}.Debug|Any CPU.ActiveCfg = Debug|Any CPU
		{EB8EF899-D1AB-497C-8927-6F8262CBA1B8}.Debug|Any CPU.Build.0 = Debug|Any CPU
		{EB8EF899-D1AB-497C-8927-6F8262CBA1B8}.Release|Any CPU.ActiveCfg = Release|Any CPU
		{EB8EF899-D1AB-497C-8927-6F8262CBA1B8}.Release|Any CPU.Build.0 = Release|Any CPU
		{ECCFCBF6-E39A-4FB9-B7F5-17B08E8E5A40}.Debug|Any CPU.ActiveCfg = Debug|Any CPU
		{ECCFCBF6-E39A-4FB9-B7F5-17B08E8E5A40}.Debug|Any CPU.Build.0 = Debug|Any CPU
		{ECCFCBF6-E39A-4FB9-B7F5-17B08E8E5A40}.Release|Any CPU.ActiveCfg = Release|Any CPU
		{ECCFCBF6-E39A-4FB9-B7F5-17B08E8E5A40}.Release|Any CPU.Build.0 = Release|Any CPU
		{48D1274D-4333-4072-AC3F-845EE6DBC229}.Debug|Any CPU.ActiveCfg = Debug|Any CPU
		{48D1274D-4333-4072-AC3F-845EE6DBC229}.Debug|Any CPU.Build.0 = Debug|Any CPU
		{48D1274D-4333-4072-AC3F-845EE6DBC229}.Release|Any CPU.ActiveCfg = Release|Any CPU
		{48D1274D-4333-4072-AC3F-845EE6DBC229}.Release|Any CPU.Build.0 = Release|Any CPU
		{AF5A2AA5-2253-442C-AF58-9FB2F1A8D8EC}.Debug|Any CPU.ActiveCfg = Debug|Any CPU
		{AF5A2AA5-2253-442C-AF58-9FB2F1A8D8EC}.Debug|Any CPU.Build.0 = Debug|Any CPU
		{AF5A2AA5-2253-442C-AF58-9FB2F1A8D8EC}.Release|Any CPU.ActiveCfg = Release|Any CPU
		{AF5A2AA5-2253-442C-AF58-9FB2F1A8D8EC}.Release|Any CPU.Build.0 = Release|Any CPU
	EndGlobalSection
	GlobalSection(SolutionProperties) = preSolution
		HideSolutionNode = FALSE
	EndGlobalSection
	GlobalSection(NestedProjects) = preSolution
		{F4B25724-0326-4129-B725-7F592E56837F} = {9A772DAC-8A42-4B5B-A293-CBFAE2005B9F}
		{B97E1E4F-18C9-462E-A465-222FC8C350CA} = {ADE0F441-21FB-4C44-A9DB-FC2FB4713790}
		{A24E70A8-2308-4D4D-8B1D-C5186A6A2C4E} = {AF75D08A-6426-473E-A0DF-6FA7C6C21A49}
		{121D7286-4353-4D6B-AC6D-0AE3C41420E6} = {0014D91C-347B-4233-B4BB-27BBF549793F}
		{3585FC6A-775F-485A-8FE9-9802859A84C8} = {C3D31214-1E51-42AD-B172-AC11FC5CBD7B}
		{A96CD2FC-BFA5-44A4-A60B-B4AEA166C2D6} = {517D286C-5FC4-425F-AB10-9736ADB3622B}
		{7901C66E-E5EC-4355-B1AD-B0B7C3E7722A} = {B8A29E24-7207-49BB-AA01-3E98E265D249}
		{B1348F70-8F4A-4E9D-8CD4-3C1E80A0C8F4} = {42639DAA-DC06-4394-B4CF-62DD018BB8F6}
		{6E870B12-8040-40B2-BC3E-079FF3DDB6E7} = {E7A62F4E-77BB-499A-ADB2-BB779ABE6469}
		{9F5C65AC-DB66-4110-B517-33ABC9787017} = {1F3686E3-94F1-4372-845A-B0A28C198F44}
		{EB8EF899-D1AB-497C-8927-6F8262CBA1B8} = {6F02BA99-8241-41B4-8989-2CB535354CA5}
		{ECCFCBF6-E39A-4FB9-B7F5-17B08E8E5A40} = {3D53B4BF-6610-4FD4-A0F1-FDB22C8267B8}
		{48D1274D-4333-4072-AC3F-845EE6DBC229} = {3C7EA05B-AA7F-462B-AD6C-E6B6CE54C77D}
		{AF5A2AA5-2253-442C-AF58-9FB2F1A8D8EC} = {6E2810DD-63D2-47D2-97DC-46276748A8D4}
	EndGlobalSection
	GlobalSection(ExtensibilityGlobals) = postSolution
		SolutionGuid = {65ABF471-3C29-406C-8445-F00F671C9C4E}
	EndGlobalSection
EndGlobal
